<?xml version="1.0" encoding="UTF-8" standalone="yes" ?>
<CodeBlocks_project_file>
	<FileVersion major="1" minor="6" />
	<Project>
		<Option title="ArucoTest" />
		<Option pch_mode="2" />
		<Option compiler="gcc" />
		<Build>
			<Target title="Debug">
				<Option output="bin/Debug/ArucoTest" prefix_auto="1" extension_auto="1" />
				<Option object_output="obj/Debug/" />
				<Option type="1" />
				<Option compiler="gcc" />
				<Compiler>
					<Add option="-g" />
					<Add directory="../../lib_install/opencv-3.1.0/include/opencv" />
					<Add directory="../../lib_install/opencv-3.1.0/include/opencv2" />
				</Compiler>
				<Linker>
					<Add library="../../lib_install/opencv-3.1.0/build/lib/libopencv_aruco.so" />
					<Add library="../../lib_install/opencv-3.1.0/build/lib/libopencv_aruco_pch_dephelp.a" />
					<Add library="../../lib_install/opencv-3.1.0/build/lib/libopencv_calib3d.so" />
					<Add library="../../lib_install/opencv-3.1.0/build/lib/libopencv_calib3d_pch_dephelp.a" />
					<Add library="../../lib_install/opencv-3.1.0/build/lib/libopencv_core.so" />
					<Add library="../../lib_install/opencv-3.1.0/build/lib/libopencv_core_pch_dephelp.a" />
					<Add library="../../lib_install/opencv-3.1.0/build/lib/libopencv_cudaarithm.so" />
					<Add library="../../lib_install/opencv-3.1.0/build/lib/libopencv_cudaarithm_pch_dephelp.a" />
					<Add library="../../lib_install/opencv-3.1.0/build/lib/libopencv_cudabgsegm.so" />
					<Add library="../../lib_install/opencv-3.1.0/build/lib/libopencv_cudabgsegm_pch_dephelp.a" />
					<Add library="../../lib_install/opencv-3.1.0/build/lib/libopencv_cudacodec.so" />
					<Add library="../../lib_install/opencv-3.1.0/build/lib/libopencv_cudacodec_pch_dephelp.a" />
					<Add library="../../lib_install/opencv-3.1.0/build/lib/libopencv_cudafeatures2d.so" />
					<Add library="../../lib_install/opencv-3.1.0/build/lib/libopencv_cudafeatures2d_pch_dephelp.a" />
					<Add library="../../lib_install/opencv-3.1.0/build/lib/libopencv_cudafilters.so" />
					<Add library="../../lib_install/opencv-3.1.0/build/lib/libopencv_cudafilters_pch_dephelp.a" />
					<Add library="../../lib_install/opencv-3.1.0/build/lib/libopencv_cudaimgproc.so" />
					<Add library="../../lib_install/opencv-3.1.0/build/lib/libopencv_cudaimgproc_pch_dephelp.a" />
					<Add library="../../lib_install/opencv-3.1.0/build/lib/libopencv_cudalegacy.so" />
					<Add library="../../lib_install/opencv-3.1.0/build/lib/libopencv_cudalegacy_pch_dephelp.a" />
					<Add library="../../lib_install/opencv-3.1.0/build/lib/libopencv_cudaobjdetect.so" />
					<Add library="../../lib_install/opencv-3.1.0/build/lib/libopencv_cudaobjdetect_pch_dephelp.a" />
					<Add library="../../lib_install/opencv-3.1.0/build/lib/libopencv_cudaoptflow.so" />
					<Add library="../../lib_install/opencv-3.1.0/build/lib/libopencv_cudaoptflow_pch_dephelp.a" />
					<Add library="../../lib_install/opencv-3.1.0/build/lib/libopencv_cudastereo.so" />
					<Add library="../../lib_install/opencv-3.1.0/build/lib/libopencv_cudastereo_pch_dephelp.a" />
					<Add library="../../lib_install/opencv-3.1.0/build/lib/libopencv_cudawarping.so" />
					<Add library="../../lib_install/opencv-3.1.0/build/lib/libopencv_cudawarping_pch_dephelp.a" />
					<Add library="../../lib_install/opencv-3.1.0/build/lib/libopencv_cudev.so" />
					<Add library="../../lib_install/opencv-3.1.0/build/lib/libopencv_features2d.so" />
					<Add library="../../lib_install/opencv-3.1.0/build/lib/libopencv_features2d_pch_dephelp.a" />
					<Add library="../../lib_install/opencv-3.1.0/build/lib/libopencv_flann.so" />
					<Add library="../../lib_install/opencv-3.1.0/build/lib/libopencv_flann_pch_dephelp.a" />
					<Add library="../../lib_install/opencv-3.1.0/build/lib/libopencv_highgui.so" />
					<Add library="../../lib_install/opencv-3.1.0/build/lib/libopencv_highgui_pch_dephelp.a" />
					<Add library="../../lib_install/opencv-3.1.0/build/lib/libopencv_imgcodecs.so" />
					<Add library="../../lib_install/opencv-3.1.0/build/lib/libopencv_imgcodecs_pch_dephelp.a" />
					<Add library="../../lib_install/opencv-3.1.0/build/lib/libopencv_imgproc.so" />
					<Add library="../../lib_install/opencv-3.1.0/build/lib/libopencv_imgproc_pch_dephelp.a" />
					<Add library="../../lib_install/opencv-3.1.0/build/lib/libopencv_ml.so" />
					<Add library="../../lib_install/opencv-3.1.0/build/lib/libopencv_ml_pch_dephelp.a" />
					<Add library="../../lib_install/opencv-3.1.0/build/lib/libopencv_objdetect.so" />
					<Add library="../../lib_install/opencv-3.1.0/build/lib/libopencv_objdetect_pch_dephelp.a" />
					<Add library="../../lib_install/opencv-3.1.0/build/lib/libopencv_perf_calib3d_pch_dephelp.a" />
					<Add library="../../lib_install/opencv-3.1.0/build/lib/libopencv_perf_core_pch_dephelp.a" />
					<Add library="../../lib_install/opencv-3.1.0/build/lib/libopencv_perf_cudaarithm_pch_dephelp.a" />
					<Add library="../../lib_install/opencv-3.1.0/build/lib/libopencv_perf_cudabgsegm_pch_dephelp.a" />
					<Add library="../../lib_install/opencv-3.1.0/build/lib/libopencv_perf_cudacodec_pch_dephelp.a" />
					<Add library="../../lib_install/opencv-3.1.0/build/lib/libopencv_perf_cudafeatures2d_pch_dephelp.a" />
					<Add library="../../lib_install/opencv-3.1.0/build/lib/libopencv_perf_cudafilters_pch_dephelp.a" />
					<Add library="../../lib_install/opencv-3.1.0/build/lib/libopencv_perf_cudaimgproc_pch_dephelp.a" />
					<Add library="../../lib_install/opencv-3.1.0/build/lib/libopencv_perf_cudalegacy_pch_dephelp.a" />
					<Add library="../../lib_install/opencv-3.1.0/build/lib/libopencv_perf_cudaobjdetect_pch_dephelp.a" />
					<Add library="../../lib_install/opencv-3.1.0/build/lib/libopencv_perf_cudaoptflow_pch_dephelp.a" />
					<Add library="../../lib_install/opencv-3.1.0/build/lib/libopencv_perf_cudastereo_pch_dephelp.a" />
					<Add library="../../lib_install/opencv-3.1.0/build/lib/libopencv_perf_cudawarping_pch_dephelp.a" />
					<Add library="../../lib_install/opencv-3.1.0/build/lib/libopencv_perf_features2d_pch_dephelp.a" />
					<Add library="../../lib_install/opencv-3.1.0/build/lib/libopencv_perf_imgcodecs_pch_dephelp.a" />
					<Add library="../../lib_install/opencv-3.1.0/build/lib/libopencv_perf_imgproc_pch_dephelp.a" />
					<Add library="../../lib_install/opencv-3.1.0/build/lib/libopencv_perf_objdetect_pch_dephelp.a" />
					<Add library="../../lib_install/opencv-3.1.0/build/lib/libopencv_perf_photo_pch_dephelp.a" />
					<Add library="../../lib_install/opencv-3.1.0/build/lib/libopencv_perf_stitching_pch_dephelp.a" />
					<Add library="../../lib_install/opencv-3.1.0/build/lib/libopencv_perf_superres_pch_dephelp.a" />
					<Add library="../../lib_install/opencv-3.1.0/build/lib/libopencv_perf_videoio_pch_dephelp.a" />
					<Add library="../../lib_install/opencv-3.1.0/build/lib/libopencv_perf_video_pch_dephelp.a" />
					<Add library="../../lib_install/opencv-3.1.0/build/lib/libopencv_photo.so" />
					<Add library="../../lib_install/opencv-3.1.0/build/lib/libopencv_photo_pch_dephelp.a" />
					<Add library="../../lib_install/opencv-3.1.0/build/lib/libopencv_shape.so" />
					<Add library="../../lib_install/opencv-3.1.0/build/lib/libopencv_shape_pch_dephelp.a" />
					<Add library="../../lib_install/opencv-3.1.0/build/lib/libopencv_stitching.so" />
					<Add library="../../lib_install/opencv-3.1.0/build/lib/libopencv_stitching_pch_dephelp.a" />
					<Add library="../../lib_install/opencv-3.1.0/build/lib/libopencv_superres.so" />
					<Add library="../../lib_install/opencv-3.1.0/build/lib/libopencv_superres_pch_dephelp.a" />
					<Add library="../../lib_install/opencv-3.1.0/build/lib/libopencv_test_aruco_pch_dephelp.a" />
					<Add library="../../lib_install/opencv-3.1.0/build/lib/libopencv_test_calib3d_pch_dephelp.a" />
					<Add library="../../lib_install/opencv-3.1.0/build/lib/libopencv_test_core_pch_dephelp.a" />
					<Add library="../../lib_install/opencv-3.1.0/build/lib/libopencv_test_cudaarithm_pch_dephelp.a" />
					<Add library="../../lib_install/opencv-3.1.0/build/lib/libopencv_test_cudabgsegm_pch_dephelp.a" />
					<Add library="../../lib_install/opencv-3.1.0/build/lib/libopencv_test_cudacodec_pch_dephelp.a" />
					<Add library="../../lib_install/opencv-3.1.0/build/lib/libopencv_test_cudafeatures2d_pch_dephelp.a" />
					<Add library="../../lib_install/opencv-3.1.0/build/lib/libopencv_test_cudafilters_pch_dephelp.a" />
					<Add library="../../lib_install/opencv-3.1.0/build/lib/libopencv_test_cudaimgproc_pch_dephelp.a" />
					<Add library="../../lib_install/opencv-3.1.0/build/lib/libopencv_test_cudalegacy_pch_dephelp.a" />
					<Add library="../../lib_install/opencv-3.1.0/build/lib/libopencv_test_cudaobjdetect_pch_dephelp.a" />
					<Add library="../../lib_install/opencv-3.1.0/build/lib/libopencv_test_cudaoptflow_pch_dephelp.a" />
					<Add library="../../lib_install/opencv-3.1.0/build/lib/libopencv_test_cudastereo_pch_dephelp.a" />
					<Add library="../../lib_install/opencv-3.1.0/build/lib/libopencv_test_cudawarping_pch_dephelp.a" />
					<Add library="../../lib_install/opencv-3.1.0/build/lib/libopencv_test_features2d_pch_dephelp.a" />
					<Add library="../../lib_install/opencv-3.1.0/build/lib/libopencv_test_flann_pch_dephelp.a" />
					<Add library="../../lib_install/opencv-3.1.0/build/lib/libopencv_test_highgui_pch_dephelp.a" />
					<Add library="../../lib_install/opencv-3.1.0/build/lib/libopencv_test_imgcodecs_pch_dephelp.a" />
					<Add library="../../lib_install/opencv-3.1.0/build/lib/libopencv_test_imgproc_pch_dephelp.a" />
					<Add library="../../lib_install/opencv-3.1.0/build/lib/libopencv_test_ml_pch_dephelp.a" />
					<Add library="../../lib_install/opencv-3.1.0/build/lib/libopencv_test_objdetect_pch_dephelp.a" />
					<Add library="../../lib_install/opencv-3.1.0/build/lib/libopencv_test_photo_pch_dephelp.a" />
					<Add library="../../lib_install/opencv-3.1.0/build/lib/libopencv_test_shape_pch_dephelp.a" />
					<Add library="../../lib_install/opencv-3.1.0/build/lib/libopencv_test_stitching_pch_dephelp.a" />
					<Add library="../../lib_install/opencv-3.1.0/build/lib/libopencv_test_superres_pch_dephelp.a" />
					<Add library="../../lib_install/opencv-3.1.0/build/lib/libopencv_test_videoio_pch_dephelp.a" />
					<Add library="../../lib_install/opencv-3.1.0/build/lib/libopencv_test_video_pch_dephelp.a" />
					<Add library="../../lib_install/opencv-3.1.0/build/lib/libopencv_ts.a" />
					<Add library="../../lib_install/opencv-3.1.0/build/lib/libopencv_ts_pch_dephelp.a" />
					<Add library="../../lib_install/opencv-3.1.0/build/lib/libopencv_video.so" />
					<Add library="../../lib_install/opencv-3.1.0/build/lib/libopencv_videoio.so" />
					<Add library="../../lib_install/opencv-3.1.0/build/lib/libopencv_videoio_pch_dephelp.a" />
					<Add library="../../lib_install/opencv-3.1.0/build/lib/libopencv_video_pch_dephelp.a" />
					<Add library="../../lib_install/opencv-3.1.0/build/lib/libopencv_videostab.so" />
					<Add library="../../lib_install/opencv-3.1.0/build/lib/libopencv_videostab_pch_dephelp.a" />
				</Linker>
			</Target>
			<Target title="Release">
				<Option output="bin/Release/ArucoTest" prefix_auto="1" extension_auto="1" />
				<Option object_output="obj/Release/" />
				<Option type="1" />
				<Option compiler="gcc" />
				<Compiler>
					<Add option="-O2" />
				</Compiler>
				<Linker>
					<Add option="-s" />
				</Linker>
			</Target>
		</Build>
		<Compiler>
			<Add option="-Wall" />
			<Add option="-fexceptions" />
		</Compiler>
		<Unit filename="main.cpp" />
		<Extensions>
			<code_completion />
			<debugger />
		</Extensions>
	</Project>
</CodeBlocks_project_file>
